
Microsoft Visual Studio Solution File, Format Version 12.00
# Visual Studio Version 17
VisualStudioVersion = 17.7.34221.43
MinimumVisualStudioVersion = 10.0.40219.1
Project("{FAE04EC0-301F-11D3-BF4B-00C04F79EFBC}") = "Chat_Client", "Chat_Client\Chat_Client.csproj", "{70998427-0E43-41D8-872F-6D8FF4031274}"
EndProject
Project("{FAE04EC0-301F-11D3-BF4B-00C04F79EFBC}") = "Chat_Server", "..\Chat_Server\Chat_Server\Chat_Server.csproj", "{F351858D-A659-4CD7-927A-B098AFE35B87}"
EndProject
Global
	GlobalSection(SolutionConfigurationPlatforms) = preSolution
		Debug|Any CPU = Debug|Any CPU
		Release|Any CPU = Release|Any CPU
	EndGlobalSection
	GlobalSection(ProjectConfigurationPlatforms) = postSolution
		{70998427-0E43-41D8-872F-6D8FF4031274}.Debug|Any CPU.ActiveCfg = Debug|Any CPU
		{70998427-0E43-41D8-872F-6D8FF4031274}.Debug|Any CPU.Build.0 = Debug|Any CPU
		{70998427-0E43-41D8-872F-6D8FF4031274}.Release|Any CPU.ActiveCfg = Release|Any CPU
		{70998427-0E43-41D8-872F-6D8FF4031274}.Release|Any CPU.Build.0 = Release|Any CPU
		{F351858D-A659-4CD7-927A-B098AFE35B87}.Debug|Any CPU.ActiveCfg = Debug|Any CPU
		{F351858D-A659-4CD7-927A-B098AFE35B87}.Debug|Any CPU.Build.0 = Debug|Any CPU
		{F351858D-A659-4CD7-927A-B098AFE35B87}.Release|Any CPU.ActiveCfg = Release|Any CPU
		{F351858D-A659-4CD7-927A-B098AFE35B87}.Release|Any CPU.Build.0 = Release|Any CPU
	EndGlobalSection
	GlobalSection(SolutionProperties) = preSolution
		HideSolutionNode = FALSE
	EndGlobalSection
EndGlobal
